// !$*UTF8*$!
{
	archiveVersion = 1;
	classes = {
	};
	objectVersion = 77;
	objects = {

/* Begin PBXContainerItemProxy section */
		810EE6F12D743DDC00040648 /* PBXContainerItemProxy */ = {
			isa = PBXContainerItemProxy;
			containerPortal = 810EE6D22D743DDC00040648 /* Project object */;
			proxyType = 1;
			remoteGlobalIDString = 810EE6D92D743DDC00040648;
			remoteInfo = CopyDouYuApp;
		};
		810EE6FB2D743DDC00040648 /* PBXContainerItemProxy */ = {
			isa = PBXContainerItemProxy;
			containerPortal = 810EE6D22D743DDC00040648 /* Project object */;
			proxyType = 1;
			remoteGlobalIDString = 810EE6D92D743DDC00040648;
			remoteInfo = CopyDouYuApp;
		};
/* End PBXContainerItemProxy section */

/* Begin PBXFileReference section */
		810EE6DA2D743DDC00040648 /* CopyDouYuApp.app */ = {isa = PBXFileReference; explicitFileType = wrapper.application; includeInIndex = 0; path = CopyDouYuApp.app; sourceTree = BUILT_PRODUCTS_DIR; };
		810EE6F02D743DDC00040648 /* CopyDouYuAppTests.xctest */ = {isa = PBXFileReference; explicitFileType = wrapper.cfbundle; includeInIndex = 0; path = CopyDouYuAppTests.xctest; sourceTree = BUILT_PRODUCTS_DIR; };
		810EE6FA2D743DDC00040648 /* CopyDouYuAppUITests.xctest */ = {isa = PBXFileReference; explicitFileType = wrapper.cfbundle; includeInIndex = 0; path = CopyDouYuAppUITests.xctest; sourceTree = BUILT_PRODUCTS_DIR; };
/* End PBXFileReference section */

/* Begin PBXFileSystemSynchronizedBuildFileExceptionSet section */
		810EE7022D743DDC00040648 /* Exceptions for "CopyDouYuApp" folder in "CopyDouYuApp" target */ = {
			isa = PBXFileSystemSynchronizedBuildFileExceptionSet;
			membershipExceptions = (
				Info.plist,
			);
			target = 810EE6D92D743DDC00040648 /* CopyDouYuApp */;
		};
/* End PBXFileSystemSynchronizedBuildFileExceptionSet section */

/* Begin PBXFileSystemSynchronizedRootGroup section */
		810EE6DC2D743DDC00040648 /* CopyDouYuApp */ = {
			isa = PBXFileSystemSynchronizedRootGroup;
			exceptions = (
				810EE7022D743DDC00040648 /* Exceptions for "CopyDouYuApp" folder in "CopyDouYuApp" target */,
			);
			path = CopyDouYuApp;
			sourceTree = "<group>";
		};
		810EE6F32D743DDC00040648 /* CopyDouYuAppTests */ = {
			isa = PBXFileSystemSynchronizedRootGroup;
			path = CopyDouYuAppTests;
			sourceTree = "<group>";
		};
		810EE6FD2D743DDC00040648 /* CopyDouYuAppUITests */ = {
			isa = PBXFileSystemSynchronizedRootGroup;
			path = CopyDouYuAppUITests;
			sourceTree = "<group>";
		};
/* End PBXFileSystemSynchronizedRootGroup section */

/* Begin PBXFrameworksBuildPhase section */
		810EE6D72D743DDC00040648 /* Frameworks */ = {
			isa = PBXFrameworksBuildPhase;
			buildActionMask = 2147483647;
			files = (
			);
			runOnlyForDeploymentPostprocessing = 0;
		};
		810EE6ED2D743DDC00040648 /* Frameworks */ = {
			isa = PBXFrameworksBuildPhase;
			buildActionMask = 2147483647;
			files = (
			);
			runOnlyForDeploymentPostprocessing = 0;
		};
		810EE6F72D743DDC00040648 /* Frameworks */ = {
			isa = PBXFrameworksBuildPhase;
			buildActionMask = 2147483647;
			files = (
			);
			runOnlyForDeploymentPostprocessing = 0;
		};
/* End PBXFrameworksBuildPhase section */

/* Begin PBXGroup section */
		810EE6D12D743DDC00040648 = {
			isa = PBXGroup;
			children = (
				810EE6DC2D743DDC00040648 /* CopyDouYuApp */,
				810EE6F32D743DDC00040648 /* CopyDouYuAppTests */,
				810EE6FD2D743DDC00040648 /* CopyDouYuAppUITests */,
				810EE6DB2D743DDC00040648 /* Products */,
			);
			sourceTree = "<group>";
		};
		810EE6DB2D743DDC00040648 /* Products */ = {
			isa = PBXGroup;
			children = (
				810EE6DA2D743DDC00040648 /* CopyDouYuApp.app */,
				810EE6F02D743DDC00040648 /* CopyDouYuAppTests.xctest */,
				810EE6FA2D743DDC00040648 /* CopyDouYuAppUITests.xctest */,
			);
			name = Products;
			sourceTree = "<group>";
		};
/* End PBXGroup section */

/* Begin PBXNativeTarget section */
		810EE6D92D743DDC00040648 /* CopyDouYuApp */ = {
			isa = PBXNativeTarget;
			buildConfigurationList = 810EE7032D743DDC00040648 /* Build configuration list for PBXNativeTarget "CopyDouYuApp" */;
			buildPhases = (
				810EE6D62D743DDC00040648 /* Sources */,
				810EE6D72D743DDC00040648 /* Frameworks */,
				810EE6D82D743DDC00040648 /* Resources */,
			);
			buildRules = (
			);
			dependencies = (
			);
			fileSystemSynchronizedGroups = (
				810EE6DC2D743DDC00040648 /* CopyDouYuApp */,
			);
			name = CopyDouYuApp;
			packageProductDependencies = (
			);
			productName = CopyDouYuApp;
			productReference = 810EE6DA2D743DDC00040648 /* CopyDouYuApp.app */;
			productType = "com.apple.product-type.application";
		};
		810EE6EF2D743DDC00040648 /* CopyDouYuAppTests */ = {
			isa = PBXNativeTarget;
			buildConfigurationList = 810EE7082D743DDC00040648 /* Build configuration list for PBXNativeTarget "CopyDouYuAppTests" */;
			buildPhases = (
				810EE6EC2D743DDC00040648 /* Sources */,
				810EE6ED2D743DDC00040648 /* Frameworks */,
				810EE6EE2D743DDC00040648 /* Resources */,
			);
			buildRules = (
			);
			dependencies = (
				810EE6F22D743DDC00040648 /* PBXTargetDependency */,
			);
			fileSystemSynchronizedGroups = (
				810EE6F32D743DDC00040648 /* CopyDouYuAppTests */,
			);
			name = CopyDouYuAppTests;
			packageProductDependencies = (
			);
			productName = CopyDouYuAppTests;
			productReference = 810EE6F02D743DDC00040648 /* CopyDouYuAppTests.xctest */;
			productType = "com.apple.product-type.bundle.unit-test";
		};
		810EE6F92D743DDC00040648 /* CopyDouYuAppUITests */ = {
			isa = PBXNativeTarget;
			buildConfigurationList = 810EE70B2D743DDC00040648 /* Build configuration list for PBXNativeTarget "CopyDouYuAppUITests" */;
			buildPhases = (
				810EE6F62D743DDC00040648 /* Sources */,
				810EE6F72D743DDC00040648 /* Frameworks */,
				810EE6F82D743DDC00040648 /* Resources */,
			);
			buildRules = (
			);
			dependencies = (
				810EE6FC2D743DDC00040648 /* PBXTargetDependency */,
			);
			fileSystemSynchronizedGroups = (
				810EE6FD2D743DDC00040648 /* CopyDouYuAppUITests */,
			);
			name = CopyDouYuAppUITests;
			packageProductDependencies = (
			);
			productName = CopyDouYuAppUITests;
			productReference = 810EE6FA2D743DDC00040648 /* CopyDouYuAppUITests.xctest */;
			productType = "com.apple.product-type.bundle.ui-testing";
		};
/* End PBXNativeTarget section */

/* Begin PBXProject section */
		810EE6D22D743DDC00040648 /* Project object */ = {
			isa = PBXProject;
			attributes = {
				BuildIndependentTargetsInParallel = 1;
				LastSwiftUpdateCheck = 1620;
				LastUpgradeCheck = 1620;
				TargetAttributes = {
					810EE6D92D743DDC00040648 = {
						CreatedOnToolsVersion = 16.2;
					};
					810EE6EF2D743DDC00040648 = {
						CreatedOnToolsVersion = 16.2;
						TestTargetID = 810EE6D92D743DDC00040648;
					};
					810EE6F92D743DDC00040648 = {
						CreatedOnToolsVersion = 16.2;
						TestTargetID = 810EE6D92D743DDC00040648;
					};
				};
			};
			buildConfigurationList = 810EE6D52D743DDC00040648 /* Build configuration list for PBXProject "CopyDouYuApp" */;
			developmentRegion = en;
			hasScannedForEncodings = 0;
			knownRegions = (
				en,
				Base,
			);
			mainGroup = 810EE6D12D743DDC00040648;
			minimizedProjectReferenceProxies = 1;
			preferredProjectObjectVersion = 77;
			productRefGroup = 810EE6DB2D743DDC00040648 /* Products */;
			projectDirPath = "";
			projectRoot = "";
			targets = (
				810EE6D92D743DDC00040648 /* CopyDouYuApp */,
				810EE6EF2D743DDC00040648 /* CopyDouYuAppTests */,
				810EE6F92D743DDC00040648 /* CopyDouYuAppUITests */,
			);
		};
/* End PBXProject section */

/* Begin PBXResourcesBuildPhase section */
		810EE6D82D743DDC00040648 /* Resources */ = {
			isa = PBXResourcesBuildPhase;
			buildActionMask = 2147483647;
			files = (
			);
			runOnlyForDeploymentPostprocessing = 0;
		};
		810EE6EE2D743DDC00040648 /* Resources */ = {
			isa = PBXResourcesBuildPhase;
			buildActionMask = 2147483647;
			files = (
			);
			runOnlyForDeploymentPostprocessing = 0;
		};
		810EE6F82D743DDC00040648 /* Resources */ = {
			isa = PBXResourcesBuildPhase;
			buildActionMask = 2147483647;
			files = (
			);
			runOnlyForDeploymentPostprocessing = 0;
		};
/* End PBXResourcesBuildPhase section */

/* Begin PBXSourcesBuildPhase section */
		810EE6D62D743DDC00040648 /* Sources */ = {
			isa = PBXSourcesBuildPhase;
			buildActionMask = 2147483647;
			files = (
			);
			runOnlyForDeploymentPostprocessing = 0;
		};
		810EE6EC2D743DDC00040648 /* Sources */ = {
			isa = PBXSourcesBuildPhase;
			buildActionMask = 2147483647;
			files = (
			);
			runOnlyForDeploymentPostprocessing = 0;
		};
		810EE6F62D743DDC00040648 /* Sources */ = {
			isa = PBXSourcesBuildPhase;
			buildActionMask = 2147483647;
			files = (
			);
			runOnlyForDeploymentPostprocessing = 0;
		};
/* End PBXSourcesBuildPhase section */

/* Begin PBXTargetDependency section */
		810EE6F22D743DDC00040648 /* PBXTargetDependency */ = {
			isa = PBXTargetDependency;
			target = 810EE6D92D743DDC00040648 /* CopyDouYuApp */;
			targetProxy = 810EE6F12D743DDC00040648 /* PBXContainerItemProxy */;
		};
		810EE6FC2D743DDC00040648 /* PBXTargetDependency */ = {
			isa = PBXTargetDependency;
			target = 810EE6D92D743DDC00040648 /* CopyDouYuApp */;
			targetProxy = 810EE6FB2D743DDC00040648 /* PBXContainerItemProxy */;
		};
/* End PBXTargetDependency section */

/* Begin XCBuildConfiguration section */
		810EE7042D743DDC00040648 /* Debug */ = {
			isa = XCBuildConfiguration;
			buildSettings = {
				ASSETCATALOG_COMPILER_APPICON_NAME = AppIcon;
				ASSETCATALOG_COMPILER_GLOBAL_ACCENT_COLOR_NAME = AccentColor;
				CODE_SIGN_STYLE = Automatic;
				CURRENT_PROJECT_VERSION = 1;
				GENERATE_INFOPLIST_FILE = YES;
				INFOPLIST_FILE = CopyDouYuApp/Info.plist;
				INFOPLIST_KEY_UIApplicationSupportsIndirectInputEvents = YES;
				INFOPLIST_KEY_UILaunchStoryboardName = LaunchScreen;
				INFOPLIST_KEY_UIMainStoryboardFile = Main;
				INFOPLIST_KEY_UISupportedInterfaceOrientations_iPad = "UIInterfaceOrientationPortrait UIInterfaceOrientationPortraitUpsideDown UIInterfaceOrientationLandscapeLeft UIInterfaceOrientationLandscapeRight";
				INFOPLIST_KEY_UISupportedInterfaceOrientations_iPhone = "UIInterfaceOrientationPortrait UIInterfaceOrientationLandscapeLeft UIInterfaceOrientationLandscapeRight";
				LD_RUNPATH_SEARCH_PATHS = (
					"$(inherited)",
					"@executable_path/Frameworks",
				);
				MARKETING_VERSION = 1.0;
				PRODUCT_BUNDLE_IDENTIFIER = com.whl.CopyDouYuApp;
				PRODUCT_NAME = "$(TARGET_NAME)";
				SWIFT_EMIT_LOC_STRINGS = YES;
				SWIFT_VERSION = 5.0;
				TARGETED_DEVICE_FAMILY = "1,2";
			};
			name = Debug;
		};
		810EE7052D743DDC00040648 /* Release */ = {
			isa = XCBuildConfiguration;
			buildSettings = {
				ASSETCATALOG_COMPILER_APPICON_NAME = AppIcon;
				ASSETCATALOG_COMPILER_GLOBAL_ACCENT_COLOR_NAME = AccentColor;
				CODE_SIGN_STYLE = Automatic;
				CURRENT_PROJECT_VERSION = 1;
				GENERATE_INFOPLIST_FILE = YES;
				INFOPLIST_FILE = CopyDouYuApp/Info.plist;
				INFOPLIST_KEY_UIApplicationSupportsIndirectInputEvents = YES;
				INFOPLIST_KEY_UILaunchStoryboardName = LaunchScreen;
				INFOPLIST_KEY_UIMainStoryboardFile = Main;
				INFOPLIST_KEY_UISupportedInterfaceOrientations_iPad = "UIInterfaceOrientationPortrait UIInterfaceOrientationPortraitUpsideDown UIInterfaceOrientationLandscapeLeft UIInterfaceOrientationLandscapeRight";
				INFOPLIST_KEY_UISupportedInterfaceOrientations_iPhone = "UIInterfaceOrientationPortrait UIInterfaceOrientationLandscapeLeft UIInterfaceOrientationLandscapeRight";
				LD_RUNPATH_SEARCH_PATHS = (
					"$(inherited)",
					"@executable_path/Frameworks",
				);
				MARKETING_VERSION = 1.0;
				PRODUCT_BUNDLE_IDENTIFIER = com.whl.CopyDouYuApp;
				PRODUCT_NAME = "$(TARGET_NAME)";
				SWIFT_EMIT_LOC_STRINGS = YES;
				SWIFT_VERSION = 5.0;
				TARGETED_DEVICE_FAMILY = "1,2";
			};
			name = Release;
		};
		810EE7062D743DDC00040648 /* Debug */ = {
			isa = XCBuildConfiguration;
			buildSettings = {
				ALWAYS_SEARCH_USER_PATHS = NO;
				ASSETCATALOG_COMPILER_GENERATE_SWIFT_ASSET_SYMBOL_EXTENSIONS = YES;
				CLANG_ANALYZER_NONNULL = YES;
				CLANG_ANALYZER_NUMBER_OBJECT_CONVERSION = YES_AGGRESSIVE;
				CLANG_CXX_LANGUAGE_STANDARD = "gnu++20";
				CLANG_ENABLE_MODULES = YES;
				CLANG_ENABLE_OBJC_ARC = YES;
				CLANG_ENABLE_OBJC_WEAK = YES;
				CLANG_WARN_BLOCK_CAPTURE_AUTORELEASING = YES;
				CLANG_WARN_BOOL_CONVERSION = YES;
				CLANG_WARN_COMMA = YES;
				CLANG_WARN_CONSTANT_CONVERSION = YES;
				CLANG_WARN_DEPRECATED_OBJC_IMPLEMENTATIONS = YES;
				CLANG_WARN_DIRECT_OBJC_ISA_USAGE = YES_ERROR;
				CLANG_WARN_DOCUMENTATION_COMMENTS = YES;
				CLANG_WARN_EMPTY_BODY = YES;
				CLANG_WARN_ENUM_CONVERSION = YES;
				CLANG_WARN_INFINITE_RECURSION = YES;
				CLANG_WARN_INT_CONVERSION = YES;
				CLANG_WARN_NON_LITERAL_NULL_CONVERSION = YES;
				CLANG_WARN_OBJC_IMPLICIT_RETAIN_SELF = YES;
				CLANG_WARN_OBJC_LITERAL_CONVERSION = YES;
				CLANG_WARN_OBJC_ROOT_CLASS = YES_ERROR;
				CLANG_WARN_QUOTED_INCLUDE_IN_FRAMEWORK_HEADER = YES;
				CLANG_WARN_RANGE_LOOP_ANALYSIS = YES;
				CLANG_WARN_STRICT_PROTOTYPES = YES;
				CLANG_WARN_SUSPICIOUS_MOVE = YES;
				CLANG_WARN_UNGUARDED_AVAILABILITY = YES_AGGRESSIVE;
				CLANG_WARN_UNREACHABLE_CODE = YES;
				CLANG_WARN__DUPLICATE_METHOD_MATCH = YES;
				COPY_PHASE_STRIP = NO;
				DEBUG_INFORMATION_FORMAT = dwarf;
				ENABLE_STRICT_OBJC_MSGSEND = YES;
				ENABLE_TESTABILITY = YES;
				ENABLE_USER_SCRIPT_SANDBOXING = YES;
				GCC_C_LANGUAGE_STANDARD = gnu17;
				GCC_DYNAMIC_NO_PIC = NO;
				GCC_NO_COMMON_BLOCKS = YES;
				GCC_OPTIMIZATION_LEVEL = 0;
				GCC_PREPROCESSOR_DEFINITIONS = (
					"DEBUG=1",
					"$(inherited)",
				);
				GCC_WARN_64_TO_32_BIT_CONVERSION = YES;
				GCC_WARN_ABOUT_RETURN_TYPE = YES_ERROR;
				GCC_WARN_UNDECLARED_SELECTOR = YES;
				GCC_WARN_UNINITIALIZED_AUTOS = YES_AGGRESSIVE;
				GCC_WARN_UNUSED_FUNCTION = YES;
				GCC_WARN_UNUSED_VARIABLE = YES;
				IPHONEOS_DEPLOYMENT_TARGET = 18.2;
				LOCALIZATION_PREFERS_STRING_CATALOGS = YES;
				MTL_ENABLE_DEBUG_INFO = INCLUDE_SOURCE;
				MTL_FAST_MATH = YES;
				ONLY_ACTIVE_ARCH = YES;
				SDKROOT = iphoneos;
				SWIFT_ACTIVE_COMPILATION_CONDITIONS = "DEBUG $(inherited)";
				SWIFT_OPTIMIZATION_LEVEL = "-Onone";
			};
			name = Debug;
		};
		810EE7072D743DDC00040648 /* Release */ = {
			isa = XCBuildConfiguration;
			buildSettings = {
				ALWAYS_SEARCH_USER_PATHS = NO;
				ASSETCATALOG_COMPILER_GENERATE_SWIFT_ASSET_SYMBOL_EXTENSIONS = YES;
				CLANG_ANALYZER_NONNULL = YES;
				CLANG_ANALYZER_NUMBER_OBJECT_CONVERSION = YES_AGGRESSIVE;
				CLANG_CXX_LANGUAGE_STANDARD = "gnu++20";
				CLANG_ENABLE_MODULES = YES;
				CLANG_ENABLE_OBJC_ARC = YES;
				CLANG_ENABLE_OBJC_WEAK = YES;
				CLANG_WARN_BLOCK_CAPTURE_AUTORELEASING = YES;
				CLANG_WARN_BOOL_CONVERSION = YES;
				CLANG_WARN_COMMA = YES;
				CLANG_WARN_CONSTANT_CONVERSION = YES;
				CLANG_WARN_DEPRECATED_OBJC_IMPLEMENTATIONS = YES;
				CLANG_WARN_DIRECT_OBJC_ISA_USAGE = YES_ERROR;
				CLANG_WARN_DOCUMENTATION_COMMENTS = YES;
				CLANG_WARN_EMPTY_BODY = YES;
				CLANG_WARN_ENUM_CONVERSION = YES;
				CLANG_WARN_INFINITE_RECURSION = YES;
				CLANG_WARN_INT_CONVERSION = YES;
				CLANG_WARN_NON_LITERAL_NULL_CONVERSION = YES;
				CLANG_WARN_OBJC_IMPLICIT_RETAIN_SELF = YES;
				CLANG_WARN_OBJC_LITERAL_CONVERSION = YES;
				CLANG_WARN_OBJC_ROOT_CLASS = YES_ERROR;
				CLANG_WARN_QUOTED_INCLUDE_IN_FRAMEWORK_HEADER = YES;
				CLANG_WARN_RANGE_LOOP_ANALYSIS = YES;
				CLANG_WARN_STRICT_PROTOTYPES = YES;
				CLANG_WARN_SUSPICIOUS_MOVE = YES;
				CLANG_WARN_UNGUARDED_AVAILABILITY = YES_AGGRESSIVE;
				CLANG_WARN_UNREACHABLE_CODE = YES;
				CLANG_WARN__DUPLICATE_METHOD_MATCH = YES;
				COPY_PHASE_STRIP = NO;
				DEBUG_INFORMATION_FORMAT = "dwarf-with-dsym";
				ENABLE_NS_ASSERTIONS = NO;
				ENABLE_STRICT_OBJC_MSGSEND = YES;
				ENABLE_USER_SCRIPT_SANDBOXING = YES;
				GCC_C_LANGUAGE_STANDARD = gnu17;
				GCC_NO_COMMON_BLOCKS = YES;
				GCC_WARN_64_TO_32_BIT_CONVERSION = YES;
				GCC_WARN_ABOUT_RETURN_TYPE = YES_ERROR;
				GCC_WARN_UNDECLARED_SELECTOR = YES;
				GCC_WARN_UNINITIALIZED_AUTOS = YES_AGGRESSIVE;
				GCC_WARN_UNUSED_FUNCTION = YES;
				GCC_WARN_UNUSED_VARIABLE = YES;
				IPHONEOS_DEPLOYMENT_TARGET = 18.2;
				LOCALIZATION_PREFERS_STRING_CATALOGS = YES;
				MTL_ENABLE_DEBUG_INFO = NO;
				MTL_FAST_MATH = YES;
				SDKROOT = iphoneos;
				SWIFT_COMPILATION_MODE = wholemodule;
				VALIDATE_PRODUCT = YES;
			};
			name = Release;
		};
		810EE7092D743DDC00040648 /* Debug */ = {
			isa = XCBuildConfiguration;
			buildSettings = {
				BUNDLE_LOADER = "$(TEST_HOST)";
				CODE_SIGN_STYLE = Automatic;
				CURRENT_PROJECT_VERSION = 1;
				GENERATE_INFOPLIST_FILE = YES;
				IPHONEOS_DEPLOYMENT_TARGET = 18.2;
				MARKETING_VERSION = 1.0;
				PRODUCT_BUNDLE_IDENTIFIER = com.whl.CopyDouYuAppTests;
				PRODUCT_NAME = "$(TARGET_NAME)";
				SWIFT_EMIT_LOC_STRINGS = NO;
				SWIFT_VERSION = 5.0;
				TARGETED_DEVICE_FAMILY = "1,2";
				TEST_HOST = "$(BUILT_PRODUCTS_DIR)/CopyDouYuApp.app/$(BUNDLE_EXECUTABLE_FOLDER_PATH)/CopyDouYuApp";
			};
			name = Debug;
		};
		810EE70A2D743DDC00040648 /* Release */ = {
			isa = XCBuildConfiguration;
			buildSettings = {
				BUNDLE_LOADER = "$(TEST_HOST)";
				CODE_SIGN_STYLE = Automatic;
				CURRENT_PROJECT_VERSION = 1;
				GENERATE_INFOPLIST_FILE = YES;
				IPHONEOS_DEPLOYMENT_TARGET = 18.2;
				MARKETING_VERSION = 1.0;
				PRODUCT_BUNDLE_IDENTIFIER = com.whl.CopyDouYuAppTests;
				PRODUCT_NAME = "$(TARGET_NAME)";
				SWIFT_EMIT_LOC_STRINGS = NO;
				SWIFT_VERSION = 5.0;
				TARGETED_DEVICE_FAMILY = "1,2";
				TEST_HOST = "$(BUILT_PRODUCTS_DIR)/CopyDouYuApp.app/$(BUNDLE_EXECUTABLE_FOLDER_PATH)/CopyDouYuApp";
			};
			name = Release;
		};
		810EE70C2D743DDC00040648 /* Debug */ = {
			isa = XCBuildConfiguration;
			buildSettings = {
				CODE_SIGN_STYLE = Automatic;
				CURRENT_PROJECT_VERSION = 1;
				GENERATE_INFOPLIST_FILE = YES;
				MARKETING_VERSION = 1.0;
				PRODUCT_BUNDLE_IDENTIFIER = com.whl.CopyDouYuAppUITests;
				PRODUCT_NAME = "$(TARGET_NAME)";
				SWIFT_EMIT_LOC_STRINGS = NO;
				SWIFT_VERSION = 5.0;
				TARGETED_DEVICE_FAMILY = "1,2";
				TEST_TARGET_NAME = CopyDouYuApp;
			};
			name = Debug;
		};
		810EE70D2D743DDC00040648 /* Release */ = {
			isa = XCBuildConfiguration;
			buildSettings = {
				CODE_SIGN_STYLE = Automatic;
				CURRENT_PROJECT_VERSION = 1;
				GENERATE_INFOPLIST_FILE = YES;
				MARKETING_VERSION = 1.0;
				PRODUCT_BUNDLE_IDENTIFIER = com.whl.CopyDouYuAppUITests;
				PRODUCT_NAME = "$(TARGET_NAME)";
				SWIFT_EMIT_LOC_STRINGS = NO;
				SWIFT_VERSION = 5.0;
				TARGETED_DEVICE_FAMILY = "1,2";
				TEST_TARGET_NAME = CopyDouYuApp;
			};
			name = Release;
		};
/* End XCBuildConfiguration section */

/* Begin XCConfigurationList section */
		810EE6D52D743DDC00040648 /* Build configuration list for PBXProject "CopyDouYuApp" */ = {
			isa = XCConfigurationList;
			buildConfigurations = (
				810EE7062D743DDC00040648 /* Debug */,
				810EE7072D743DDC00040648 /* Release */,
			);
			defaultConfigurationIsVisible = 0;
			defaultConfigurationName = Release;
		};
		810EE7032D743DDC00040648 /* Build configuration list for PBXNativeTarget "CopyDouYuApp" */ = {
			isa = XCConfigurationList;
			buildConfigurations = (
				810EE7042D743DDC00040648 /* Debug */,
				810EE7052D743DDC00040648 /* Release */,
			);
			defaultConfigurationIsVisible = 0;
			defaultConfigurationName = Release;
		};
		810EE7082D743DDC00040648 /* Build configuration list for PBXNativeTarget "CopyDouYuAppTests" */ = {
			isa = XCConfigurationList;
			buildConfigurations = (
				810EE7092D743DDC00040648 /* Debug */,
				810EE70A2D743DDC00040648 /* Release */,
			);
			defaultConfigurationIsVisible = 0;
			defaultConfigurationName = Release;
		};
		810EE70B2D743DDC00040648 /* Build configuration list for PBXNativeTarget "CopyDouYuAppUITests" */ = {
			isa = XCConfigurationList;
			buildConfigurations = (
				810EE70C2D743DDC00040648 /* Debug */,
				810EE70D2D743DDC00040648 /* Release */,
			);
			defaultConfigurationIsVisible = 0;
			defaultConfigurationName = Release;
		};
/* End XCConfigurationList section */
	};
	rootObject = 810EE6D22D743DDC00040648 /* Project object */;
}
